# THIS IS AN AUTOGENERATED FILE. DO NOT EDIT THIS FILE DIRECTLY.
# yarn lockfile v1


babylon@^7.0.0-beta.47:
  version "7.0.0-beta.47"
  resolved "https://registry.yarnpkg.com/babylon/-/babylon-7.0.0-beta.47.tgz#6d1fa44f0abec41ab7c780481e62fd9aafbdea80"
  integrity sha512-+rq2cr4GDhtToEzKFD6KZZMDBXhjFAr9JjPw9pAppZACeEWqNM294j+NdBzkSHYXwzzBmVjZ3nEVJlOhbR2gOQ==
